
Microsoft Visual Studio Solution File, Format Version 12.00
# Visual Studio Version 16
VisualStudioVersion = 16.0.809.10
MinimumVisualStudioVersion = 10.0.40219.1
Project("{FAE04EC0-301F-11D3-BF4B-00C04F79EFBC}") = "GenericsDemo", "GenericsDemo\GenericsDemo.csproj", "{2CFF42A3-1691-4518-9B54-8A20DF0BA169}"
EndProject
Project("{FAE04EC0-301F-11D3-BF4B-00C04F79EFBC}") = "LinkedList", "LinkedList\LinkedList.csproj", "{34AD4A60-1DEE-4A70-83C4-1C1D9923C130}"
EndProject
Project("{FAE04EC0-301F-11D3-BF4B-00C04F79EFBC}") = "GenericHeap", "GenericHeap\GenericHeap.csproj", "{A6C56940-28C7-47BF-A39B-2D7739AAE777}"
EndProject
Project("{FAE04EC0-301F-11D3-BF4B-00C04F79EFBC}") = "LinkedListTests", "LinkedListTests\LinkedListTests.csproj", "{FFCF4D2C-8717-43F3-9A82-D38FCC48FD5E}"
EndProject
Global
	GlobalSection(SolutionConfigurationPlatforms) = preSolution
		Debug|Any CPU = Debug|Any CPU
		Release|Any CPU = Release|Any CPU
	EndGlobalSection
	GlobalSection(ProjectConfigurationPlatforms) = postSolution
		{2CFF42A3-1691-4518-9B54-8A20DF0BA169}.Debug|Any CPU.ActiveCfg = Debug|Any CPU
		{2CFF42A3-1691-4518-9B54-8A20DF0BA169}.Debug|Any CPU.Build.0 = Debug|Any CPU
		{2CFF42A3-1691-4518-9B54-8A20DF0BA169}.Release|Any CPU.ActiveCfg = Release|Any CPU
		{2CFF42A3-1691-4518-9B54-8A20DF0BA169}.Release|Any CPU.Build.0 = Release|Any CPU
		{34AD4A60-1DEE-4A70-83C4-1C1D9923C130}.Debug|Any CPU.ActiveCfg = Debug|Any CPU
		{34AD4A60-1DEE-4A70-83C4-1C1D9923C130}.Debug|Any CPU.Build.0 = Debug|Any CPU
		{34AD4A60-1DEE-4A70-83C4-1C1D9923C130}.Release|Any CPU.ActiveCfg = Release|Any CPU
		{34AD4A60-1DEE-4A70-83C4-1C1D9923C130}.Release|Any CPU.Build.0 = Release|Any CPU
		{A6C56940-28C7-47BF-A39B-2D7739AAE777}.Debug|Any CPU.ActiveCfg = Debug|Any CPU
		{A6C56940-28C7-47BF-A39B-2D7739AAE777}.Debug|Any CPU.Build.0 = Debug|Any CPU
		{A6C56940-28C7-47BF-A39B-2D7739AAE777}.Release|Any CPU.ActiveCfg = Release|Any CPU
		{A6C56940-28C7-47BF-A39B-2D7739AAE777}.Release|Any CPU.Build.0 = Release|Any CPU
		{FFCF4D2C-8717-43F3-9A82-D38FCC48FD5E}.Debug|Any CPU.ActiveCfg = Debug|Any CPU
		{FFCF4D2C-8717-43F3-9A82-D38FCC48FD5E}.Debug|Any CPU.Build.0 = Debug|Any CPU
		{FFCF4D2C-8717-43F3-9A82-D38FCC48FD5E}.Release|Any CPU.ActiveCfg = Release|Any CPU
		{FFCF4D2C-8717-43F3-9A82-D38FCC48FD5E}.Release|Any CPU.Build.0 = Release|Any CPU
	EndGlobalSection
	GlobalSection(SolutionProperties) = preSolution
		HideSolutionNode = FALSE
	EndGlobalSection
	GlobalSection(ExtensibilityGlobals) = postSolution
		SolutionGuid = {4283DBEE-3500-4102-9C6A-7E7441AD9C70}
	EndGlobalSection
EndGlobal
