
Microsoft Visual Studio Solution File, Format Version 12.00
# Visual Studio Version 16
VisualStudioVersion = 16.0.809.10
MinimumVisualStudioVersion = 10.0.40219.1
Project("{FAE04EC0-301F-11D3-BF4B-00C04F79EFBC}") = "Nasdaq", "Nasdaq\Nasdaq.csproj", "{FEFD3E05-16C3-48CF-9DF0-67864FA999DF}"
EndProject
Global
	GlobalSection(SolutionConfigurationPlatforms) = preSolution
		Debug|Any CPU = Debug|Any CPU
		Release|Any CPU = Release|Any CPU
	EndGlobalSection
	GlobalSection(ProjectConfigurationPlatforms) = postSolution
		{FEFD3E05-16C3-48CF-9DF0-67864FA999DF}.Debug|Any CPU.ActiveCfg = Debug|Any CPU
		{FEFD3E05-16C3-48CF-9DF0-67864FA999DF}.Debug|Any CPU.Build.0 = Debug|Any CPU
		{FEFD3E05-16C3-48CF-9DF0-67864FA999DF}.Release|Any CPU.ActiveCfg = Release|Any CPU
		{FEFD3E05-16C3-48CF-9DF0-67864FA999DF}.Release|Any CPU.Build.0 = Release|Any CPU
	EndGlobalSection
	GlobalSection(SolutionProperties) = preSolution
		HideSolutionNode = FALSE
	EndGlobalSection
	GlobalSection(ExtensibilityGlobals) = postSolution
		SolutionGuid = {FC35A8F8-1DC5-472F-B3C2-904E79BC8C64}
	EndGlobalSection
EndGlobal
