
Microsoft Visual Studio Solution File, Format Version 12.00
# Visual Studio Version 16
VisualStudioVersion = 16.0.809.10
MinimumVisualStudioVersion = 10.0.40219.1
Project("{FAE04EC0-301F-11D3-BF4B-00C04F79EFBC}") = "BigRational", "BigRational\BigRational.csproj", "{720D60C3-C4CC-4FE2-A1B4-000AD1CF7DB0}"
EndProject
Global
	GlobalSection(SolutionConfigurationPlatforms) = preSolution
		Debug|Any CPU = Debug|Any CPU
		Release|Any CPU = Release|Any CPU
	EndGlobalSection
	GlobalSection(ProjectConfigurationPlatforms) = postSolution
		{720D60C3-C4CC-4FE2-A1B4-000AD1CF7DB0}.Debug|Any CPU.ActiveCfg = Debug|Any CPU
		{720D60C3-C4CC-4FE2-A1B4-000AD1CF7DB0}.Debug|Any CPU.Build.0 = Debug|Any CPU
		{720D60C3-C4CC-4FE2-A1B4-000AD1CF7DB0}.Release|Any CPU.ActiveCfg = Release|Any CPU
		{720D60C3-C4CC-4FE2-A1B4-000AD1CF7DB0}.Release|Any CPU.Build.0 = Release|Any CPU
	EndGlobalSection
	GlobalSection(SolutionProperties) = preSolution
		HideSolutionNode = FALSE
	EndGlobalSection
	GlobalSection(ExtensibilityGlobals) = postSolution
		SolutionGuid = {FD9E67AB-32AE-4B3A-9464-185273AD5361}
	EndGlobalSection
EndGlobal
