
Microsoft Visual Studio Solution File, Format Version 12.00
# Visual Studio Version 16
VisualStudioVersion = 16.0.809.10
MinimumVisualStudioVersion = 10.0.40219.1
Project("{FAE04EC0-301F-11D3-BF4B-00C04F79EFBC}") = "RpgGame", "RpgGame\RpgGame.csproj", "{E3B4AE4F-C6CE-414D-94AE-69A428862CE2}"
EndProject
Global
	GlobalSection(SolutionConfigurationPlatforms) = preSolution
		Debug|Any CPU = Debug|Any CPU
		Release|Any CPU = Release|Any CPU
	EndGlobalSection
	GlobalSection(ProjectConfigurationPlatforms) = postSolution
		{E3B4AE4F-C6CE-414D-94AE-69A428862CE2}.Debug|Any CPU.ActiveCfg = Debug|Any CPU
		{E3B4AE4F-C6CE-414D-94AE-69A428862CE2}.Debug|Any CPU.Build.0 = Debug|Any CPU
		{E3B4AE4F-C6CE-414D-94AE-69A428862CE2}.Release|Any CPU.ActiveCfg = Release|Any CPU
		{E3B4AE4F-C6CE-414D-94AE-69A428862CE2}.Release|Any CPU.Build.0 = Release|Any CPU
	EndGlobalSection
	GlobalSection(SolutionProperties) = preSolution
		HideSolutionNode = FALSE
	EndGlobalSection
	GlobalSection(ExtensibilityGlobals) = postSolution
		SolutionGuid = {E19589E2-A540-454A-9A7F-1B5DFAD5B2F6}
	EndGlobalSection
EndGlobal
